Microsoft Visual Studio Solution File, Format Version 11.00
# Visual Studio 2010
Project("{FAE04EC0-301F-11D3-BF4B-00C04F79EFBC}") = "SteamVR", "SteamVR.csproj", "{9B3F2242-9351-8BD6-561D-336B09D8A9E3}"
EndProject
Project("{FAE04EC0-301F-11D3-BF4B-00C04F79EFBC}") = "Assembly-CSharp", "Assembly-CSharp.csproj", "{CBCB06F2-3005-04F4-7351-F13AA163536D}"
EndProject
Project("{FAE04EC0-301F-11D3-BF4B-00C04F79EFBC}") = "SteamVR_Actions", "SteamVR_Actions.csproj", "{35E79D4A-1757-9391-2147-AC06FB11A94F}"
EndProject
Project("{FAE04EC0-301F-11D3-BF4B-00C04F79EFBC}") = "SteamVR_Editor", "SteamVR_Editor.csproj", "{B1489347-375B-ACDD-50F9-6143145B9BE6}"
EndProject
Project("{FAE04EC0-301F-11D3-BF4B-00C04F79EFBC}") = "SteamVR_Input_Editor", "SteamVR_Input_Editor.csproj", "{5FEDB04A-CB01-FFEB-9832-AA296E5EA0FC}"
EndProject
Project("{FAE04EC0-301F-11D3-BF4B-00C04F79EFBC}") = "SteamVR_Windows_EditorHelper", "SteamVR_Windows_EditorHelper.csproj", "{B03F51B9-BEFB-AB06-E73B-89C7746D2190}"
EndProject
Global
	GlobalSection(SolutionConfigurationPlatforms) = preSolution
		Debug|Any CPU = Debug|Any CPU
		Release|Any CPU = Release|Any CPU
	EndGlobalSection
	GlobalSection(ProjectConfigurationPlatforms) = postSolution
		{9B3F2242-9351-8BD6-561D-336B09D8A9E3}.Debug|Any CPU.ActiveCfg = Debug|Any CPU
		{9B3F2242-9351-8BD6-561D-336B09D8A9E3}.Debug|Any CPU.Build.0 = Debug|Any CPU
		{9B3F2242-9351-8BD6-561D-336B09D8A9E3}.Release|Any CPU.ActiveCfg = Release|Any CPU
		{9B3F2242-9351-8BD6-561D-336B09D8A9E3}.Release|Any CPU.Build.0 = Release|Any CPU
		{CBCB06F2-3005-04F4-7351-F13AA163536D}.Debug|Any CPU.ActiveCfg = Debug|Any CPU
		{CBCB06F2-3005-04F4-7351-F13AA163536D}.Debug|Any CPU.Build.0 = Debug|Any CPU
		{CBCB06F2-3005-04F4-7351-F13AA163536D}.Release|Any CPU.ActiveCfg = Release|Any CPU
		{CBCB06F2-3005-04F4-7351-F13AA163536D}.Release|Any CPU.Build.0 = Release|Any CPU
		{35E79D4A-1757-9391-2147-AC06FB11A94F}.Debug|Any CPU.ActiveCfg = Debug|Any CPU
		{35E79D4A-1757-9391-2147-AC06FB11A94F}.Debug|Any CPU.Build.0 = Debug|Any CPU
		{35E79D4A-1757-9391-2147-AC06FB11A94F}.Release|Any CPU.ActiveCfg = Release|Any CPU
		{35E79D4A-1757-9391-2147-AC06FB11A94F}.Release|Any CPU.Build.0 = Release|Any CPU
		{B1489347-375B-ACDD-50F9-6143145B9BE6}.Debug|Any CPU.ActiveCfg = Debug|Any CPU
		{B1489347-375B-ACDD-50F9-6143145B9BE6}.Debug|Any CPU.Build.0 = Debug|Any CPU
		{B1489347-375B-ACDD-50F9-6143145B9BE6}.Release|Any CPU.ActiveCfg = Release|Any CPU
		{B1489347-375B-ACDD-50F9-6143145B9BE6}.Release|Any CPU.Build.0 = Release|Any CPU
		{5FEDB04A-CB01-FFEB-9832-AA296E5EA0FC}.Debug|Any CPU.ActiveCfg = Debug|Any CPU
		{5FEDB04A-CB01-FFEB-9832-AA296E5EA0FC}.Debug|Any CPU.Build.0 = Debug|Any CPU
		{5FEDB04A-CB01-FFEB-9832-AA296E5EA0FC}.Release|Any CPU.ActiveCfg = Release|Any CPU
		{5FEDB04A-CB01-FFEB-9832-AA296E5EA0FC}.Release|Any CPU.Build.0 = Release|Any CPU
		{B03F51B9-BEFB-AB06-E73B-89C7746D2190}.Debug|Any CPU.ActiveCfg = Debug|Any CPU
		{B03F51B9-BEFB-AB06-E73B-89C7746D2190}.Debug|Any CPU.Build.0 = Debug|Any CPU
		{B03F51B9-BEFB-AB06-E73B-89C7746D2190}.Release|Any CPU.ActiveCfg = Release|Any CPU
		{B03F51B9-BEFB-AB06-E73B-89C7746D2190}.Release|Any CPU.Build.0 = Release|Any CPU
	EndGlobalSection
	GlobalSection(SolutionProperties) = preSolution
		HideSolutionNode = FALSE
	EndGlobalSection
EndGlobal
